// !$*UTF8*$!
{
	archiveVersion = 1;
	classes = {
	};
	objectVersion = 56;
	objects = {

/* Begin PBXBuildFile section */
		9B079DD12B33114900C91721 /* LaunchPadModifierApp.swift in Sources */ = {isa = PBXBuildFile; fileRef = 9B079DD02B33114900C91721 /* LaunchPadModifierApp.swift */; };
		9B079DD32B33114900C91721 /* ContentView.swift in Sources */ = {isa = PBXBuildFile; fileRef = 9B079DD22B33114900C91721 /* ContentView.swift */; };
		9B079DD72B33114A00C91721 /* Assets.xcassets in Resources */ = {isa = PBXBuildFile; fileRef = 9B079DD62B33114A00C91721 /* Assets.xcassets */; };
		9B079DDA2B33114A00C91721 /* Preview Assets.xcassets in Resources */ = {isa = PBXBuildFile; fileRef = 9B079DD92B33114A00C91721 /* Preview Assets.xcassets */; };
		9B81D62C2B3809BF00E3FBC4 /* GRDB.framework in Frameworks */ = {isa = PBXBuildFile; fileRef = 9B81D6292B3809B800E3FBC4 /* GRDB.framework */; };
		9B81D62D2B3809BF00E3FBC4 /* GRDB.framework in Embed Frameworks */ = {isa = PBXBuildFile; fileRef = 9B81D6292B3809B800E3FBC4 /* GRDB.framework */; settings = {ATTRIBUTES = (CodeSignOnCopy, RemoveHeadersOnCopy, ); }; };
		9BA79CFC2B37FF3E00CDBF4E /* AppData.swift in Sources */ = {isa = PBXBuildFile; fileRef = 9BA79CFB2B37FF3E00CDBF4E /* AppData.swift */; };
		9BA79CFE2B37FF7200CDBF4E /* AppItemView.swift in Sources */ = {isa = PBXBuildFile; fileRef = 9BA79CFD2B37FF7200CDBF4E /* AppItemView.swift */; };
/* End PBXBuildFile section */

/* Begin PBXContainerItemProxy section */
		9B81D6282B3809B800E3FBC4 /* PBXContainerItemProxy */ = {
			isa = PBXContainerItemProxy;
			containerPortal = 9B81D6232B3809B800E3FBC4 /* GRDB.xcodeproj */;
			proxyType = 2;
			remoteGlobalIDString = DC3773F319C8CBB3004FCF85;
			remoteInfo = GRDB;
		};
		9B81D62A2B3809B800E3FBC4 /* PBXContainerItemProxy */ = {
			isa = PBXContainerItemProxy;
			containerPortal = 9B81D6232B3809B800E3FBC4 /* GRDB.xcodeproj */;
			proxyType = 2;
			remoteGlobalIDString = 56E5D7F91B4D422D00430942;
			remoteInfo = GRDBTests;
		};
/* End PBXContainerItemProxy section */

/* Begin PBXCopyFilesBuildPhase section */
		9BA79CF82B37FCD100CDBF4E /* Embed Frameworks */ = {
			isa = PBXCopyFilesBuildPhase;
			buildActionMask = 2147483647;
			dstPath = "";
			dstSubfolderSpec = 10;
			files = (
				9B81D62D2B3809BF00E3FBC4 /* GRDB.framework in Embed Frameworks */,
			);
			name = "Embed Frameworks";
			runOnlyForDeploymentPostprocessing = 0;
		};
/* End PBXCopyFilesBuildPhase section */

/* Begin PBXFileReference section */
		9B079DCD2B33114900C91721 /* LaunchPadModifier.app */ = {isa = PBXFileReference; explicitFileType = wrapper.application; includeInIndex = 0; path = LaunchPadModifier.app; sourceTree = BUILT_PRODUCTS_DIR; };
		9B079DD02B33114900C91721 /* LaunchPadModifierApp.swift */ = {isa = PBXFileReference; lastKnownFileType = sourcecode.swift; path = LaunchPadModifierApp.swift; sourceTree = "<group>"; };
		9B079DD22B33114900C91721 /* ContentView.swift */ = {isa = PBXFileReference; lastKnownFileType = sourcecode.swift; path = ContentView.swift; sourceTree = "<group>"; };
		9B079DD62B33114A00C91721 /* Assets.xcassets */ = {isa = PBXFileReference; lastKnownFileType = folder.assetcatalog; path = Assets.xcassets; sourceTree = "<group>"; };
		9B079DD92B33114A00C91721 /* Preview Assets.xcassets */ = {isa = PBXFileReference; lastKnownFileType = folder.assetcatalog; path = "Preview Assets.xcassets"; sourceTree = "<group>"; };
		9B079DDB2B33114A00C91721 /* LaunchPadModifier.entitlements */ = {isa = PBXFileReference; lastKnownFileType = text.plist.entitlements; path = LaunchPadModifier.entitlements; sourceTree = "<group>"; };
		9B81D6232B3809B800E3FBC4 /* GRDB.xcodeproj */ = {isa = PBXFileReference; lastKnownFileType = "wrapper.pb-project"; name = GRDB.xcodeproj; path = "../../../Downloads/GRDB.swift-6.23.0/GRDB.xcodeproj"; sourceTree = "<group>"; };
		9BA79CFB2B37FF3E00CDBF4E /* AppData.swift */ = {isa = PBXFileReference; lastKnownFileType = sourcecode.swift; path = AppData.swift; sourceTree = "<group>"; };
		9BA79CFD2B37FF7200CDBF4E /* AppItemView.swift */ = {isa = PBXFileReference; lastKnownFileType = sourcecode.swift; path = AppItemView.swift; sourceTree = "<group>"; };
/* End PBXFileReference section */

/* Begin PBXFrameworksBuildPhase section */
		9B079DCA2B33114900C91721 /* Frameworks */ = {
			isa = PBXFrameworksBuildPhase;
			buildActionMask = 2147483647;
			files = (
				9B81D62C2B3809BF00E3FBC4 /* GRDB.framework in Frameworks */,
			);
			runOnlyForDeploymentPostprocessing = 0;
		};
/* End PBXFrameworksBuildPhase section */

/* Begin PBXGroup section */
		9B079DC42B33114900C91721 = {
			isa = PBXGroup;
			children = (
				9B81D6232B3809B800E3FBC4 /* GRDB.xcodeproj */,
				9B079DCF2B33114900C91721 /* LaunchPadModifier */,
				9B079DCE2B33114900C91721 /* Products */,
				9B6B65312B331195008B7B3D /* Frameworks */,
			);
			sourceTree = "<group>";
		};
		9B079DCE2B33114900C91721 /* Products */ = {
			isa = PBXGroup;
			children = (
				9B079DCD2B33114900C91721 /* LaunchPadModifier.app */,
			);
			name = Products;
			sourceTree = "<group>";
		};
		9B079DCF2B33114900C91721 /* LaunchPadModifier */ = {
			isa = PBXGroup;
			children = (
				9B079DD02B33114900C91721 /* LaunchPadModifierApp.swift */,
				9B079DD22B33114900C91721 /* ContentView.swift */,
				9B079DD62B33114A00C91721 /* Assets.xcassets */,
				9B079DDB2B33114A00C91721 /* LaunchPadModifier.entitlements */,
				9B079DD82B33114A00C91721 /* Preview Content */,
				9BA79CFB2B37FF3E00CDBF4E /* AppData.swift */,
				9BA79CFD2B37FF7200CDBF4E /* AppItemView.swift */,
			);
			path = LaunchPadModifier;
			sourceTree = "<group>";
		};
		9B079DD82B33114A00C91721 /* Preview Content */ = {
			isa = PBXGroup;
			children = (
				9B079DD92B33114A00C91721 /* Preview Assets.xcassets */,
			);
			path = "Preview Content";
			sourceTree = "<group>";
		};
		9B6B65312B331195008B7B3D /* Frameworks */ = {
			isa = PBXGroup;
			children = (
			);
			name = Frameworks;
			sourceTree = "<group>";
		};
		9B81D6242B3809B800E3FBC4 /* Products */ = {
			isa = PBXGroup;
			children = (
				9B81D6292B3809B800E3FBC4 /* GRDB.framework */,
				9B81D62B2B3809B800E3FBC4 /* GRDBTests.xctest */,
			);
			name = Products;
			sourceTree = "<group>";
		};
/* End PBXGroup section */

/* Begin PBXNativeTarget section */
		9B079DCC2B33114900C91721 /* LaunchPadModifier */ = {
			isa = PBXNativeTarget;
			buildConfigurationList = 9B079DDE2B33114A00C91721 /* Build configuration list for PBXNativeTarget "LaunchPadModifier" */;
			buildPhases = (
				9B079DC92B33114900C91721 /* Sources */,
				9B079DCA2B33114900C91721 /* Frameworks */,
				9B079DCB2B33114900C91721 /* Resources */,
				9BA79CF82B37FCD100CDBF4E /* Embed Frameworks */,
			);
			buildRules = (
			);
			dependencies = (
			);
			name = LaunchPadModifier;
			productName = LaunchPadModifier;
			productReference = 9B079DCD2B33114900C91721 /* LaunchPadModifier.app */;
			productType = "com.apple.product-type.application";
		};
/* End PBXNativeTarget section */

/* Begin PBXProject section */
		9B079DC52B33114900C91721 /* Project object */ = {
			isa = PBXProject;
			attributes = {
				BuildIndependentTargetsInParallel = 1;
				LastSwiftUpdateCheck = 1510;
				LastUpgradeCheck = 1510;
				TargetAttributes = {
					9B079DCC2B33114900C91721 = {
						CreatedOnToolsVersion = 15.1;
					};
				};
			};
			buildConfigurationList = 9B079DC82B33114900C91721 /* Build configuration list for PBXProject "LaunchPadModifier" */;
			compatibilityVersion = "Xcode 14.0";
			developmentRegion = en;
			hasScannedForEncodings = 0;
			knownRegions = (
				en,
				Base,
			);
			mainGroup = 9B079DC42B33114900C91721;
			productRefGroup = 9B079DCE2B33114900C91721 /* Products */;
			projectDirPath = "";
			projectReferences = (
				{
					ProductGroup = 9B81D6242B3809B800E3FBC4 /* Products */;
					ProjectRef = 9B81D6232B3809B800E3FBC4 /* GRDB.xcodeproj */;
				},
			);
			projectRoot = "";
			targets = (
				9B079DCC2B33114900C91721 /* LaunchPadModifier */,
			);
		};
/* End PBXProject section */

/* Begin PBXReferenceProxy section */
		9B81D6292B3809B800E3FBC4 /* GRDB.framework */ = {
			isa = PBXReferenceProxy;
			fileType = wrapper.framework;
			path = GRDB.framework;
			remoteRef = 9B81D6282B3809B800E3FBC4 /* PBXContainerItemProxy */;
			sourceTree = BUILT_PRODUCTS_DIR;
		};
		9B81D62B2B3809B800E3FBC4 /* GRDBTests.xctest */ = {
			isa = PBXReferenceProxy;
			fileType = wrapper.cfbundle;
			path = GRDBTests.xctest;
			remoteRef = 9B81D62A2B3809B800E3FBC4 /* PBXContainerItemProxy */;
			sourceTree = BUILT_PRODUCTS_DIR;
		};
/* End PBXReferenceProxy section */

/* Begin PBXResourcesBuildPhase section */
		9B079DCB2B33114900C91721 /* Resources */ = {
			isa = PBXResourcesBuildPhase;
			buildActionMask = 2147483647;
			files = (
				9B079DDA2B33114A00C91721 /* Preview Assets.xcassets in Resources */,
				9B079DD72B33114A00C91721 /* Assets.xcassets in Resources */,
			);
			runOnlyForDeploymentPostprocessing = 0;
		};
/* End PBXResourcesBuildPhase section */

/* Begin PBXSourcesBuildPhase section */
		9B079DC92B33114900C91721 /* Sources */ = {
			isa = PBXSourcesBuildPhase;
			buildActionMask = 2147483647;
			files = (
				9B079DD32B33114900C91721 /* ContentView.swift in Sources */,
				9B079DD12B33114900C91721 /* LaunchPadModifierApp.swift in Sources */,
				9BA79CFC2B37FF3E00CDBF4E /* AppData.swift in Sources */,
				9BA79CFE2B37FF7200CDBF4E /* AppItemView.swift in Sources */,
			);
			runOnlyForDeploymentPostprocessing = 0;
		};
/* End PBXSourcesBuildPhase section */

/* Begin XCBuildConfiguration section */
		9B079DDC2B33114A00C91721 /* Debug */ = {
			isa = XCBuildConfiguration;
			buildSettings = {
				ALWAYS_SEARCH_USER_PATHS = NO;
				ASSETCATALOG_COMPILER_GENERATE_SWIFT_ASSET_SYMBOL_EXTENSIONS = YES;
				CLANG_ANALYZER_NONNULL = YES;
				CLANG_ANALYZER_NUMBER_OBJECT_CONVERSION = YES_AGGRESSIVE;
				CLANG_CXX_LANGUAGE_STANDARD = "gnu++20";
				CLANG_ENABLE_MODULES = YES;
				CLANG_ENABLE_OBJC_ARC = YES;
				CLANG_ENABLE_OBJC_WEAK = YES;
				CLANG_WARN_BLOCK_CAPTURE_AUTORELEASING = YES;
				CLANG_WARN_BOOL_CONVERSION = YES;
				CLANG_WARN_COMMA = YES;
				CLANG_WARN_CONSTANT_CONVERSION = YES;
				CLANG_WARN_DEPRECATED_OBJC_IMPLEMENTATIONS = YES;
				CLANG_WARN_DIRECT_OBJC_ISA_USAGE = YES_ERROR;
				CLANG_WARN_DOCUMENTATION_COMMENTS = YES;
				CLANG_WARN_EMPTY_BODY = YES;
				CLANG_WARN_ENUM_CONVERSION = YES;
				CLANG_WARN_INFINITE_RECURSION = YES;
				CLANG_WARN_INT_CONVERSION = YES;
				CLANG_WARN_NON_LITERAL_NULL_CONVERSION = YES;
				CLANG_WARN_OBJC_IMPLICIT_RETAIN_SELF = YES;
				CLANG_WARN_OBJC_LITERAL_CONVERSION = YES;
				CLANG_WARN_OBJC_ROOT_CLASS = YES_ERROR;
				CLANG_WARN_QUOTED_INCLUDE_IN_FRAMEWORK_HEADER = YES;
				CLANG_WARN_RANGE_LOOP_ANALYSIS = YES;
				CLANG_WARN_STRICT_PROTOTYPES = YES;
				CLANG_WARN_SUSPICIOUS_MOVE = YES;
				CLANG_WARN_UNGUARDED_AVAILABILITY = YES_AGGRESSIVE;
				CLANG_WARN_UNREACHABLE_CODE = YES;
				CLANG_WARN__DUPLICATE_METHOD_MATCH = YES;
				COPY_PHASE_STRIP = NO;
				DEBUG_INFORMATION_FORMAT = dwarf;
				ENABLE_STRICT_OBJC_MSGSEND = YES;
				ENABLE_TESTABILITY = YES;
				ENABLE_USER_SCRIPT_SANDBOXING = YES;
				GCC_C_LANGUAGE_STANDARD = gnu17;
				GCC_DYNAMIC_NO_PIC = NO;
				GCC_NO_COMMON_BLOCKS = YES;
				GCC_OPTIMIZATION_LEVEL = 0;
				GCC_PREPROCESSOR_DEFINITIONS = (
					"DEBUG=1",
					"$(inherited)",
				);
				GCC_WARN_64_TO_32_BIT_CONVERSION = YES;
				GCC_WARN_ABOUT_RETURN_TYPE = YES_ERROR;
				GCC_WARN_UNDECLARED_SELECTOR = YES;
				GCC_WARN_UNINITIALIZED_AUTOS = YES_AGGRESSIVE;
				GCC_WARN_UNUSED_FUNCTION = YES;
				GCC_WARN_UNUSED_VARIABLE = YES;
				LOCALIZATION_PREFERS_STRING_CATALOGS = YES;
				MACOSX_DEPLOYMENT_TARGET = 14.2;
				MTL_ENABLE_DEBUG_INFO = INCLUDE_SOURCE;
				MTL_FAST_MATH = YES;
				ONLY_ACTIVE_ARCH = YES;
				SDKROOT = macosx;
				SWIFT_ACTIVE_COMPILATION_CONDITIONS = "DEBUG $(inherited)";
				SWIFT_OPTIMIZATION_LEVEL = "-Onone";
			};
			name = Debug;
		};
		9B079DDD2B33114A00C91721 /* Release */ = {
			isa = XCBuildConfiguration;
			buildSettings = {
				ALWAYS_SEARCH_USER_PATHS = NO;
				ASSETCATALOG_COMPILER_GENERATE_SWIFT_ASSET_SYMBOL_EXTENSIONS = YES;
				CLANG_ANALYZER_NONNULL = YES;
				CLANG_ANALYZER_NUMBER_OBJECT_CONVERSION = YES_AGGRESSIVE;
				CLANG_CXX_LANGUAGE_STANDARD = "gnu++20";
				CLANG_ENABLE_MODULES = YES;
				CLANG_ENABLE_OBJC_ARC = YES;
				CLANG_ENABLE_OBJC_WEAK = YES;
				CLANG_WARN_BLOCK_CAPTURE_AUTORELEASING = YES;
				CLANG_WARN_BOOL_CONVERSION = YES;
				CLANG_WARN_COMMA = YES;
				CLANG_WARN_CONSTANT_CONVERSION = YES;
				CLANG_WARN_DEPRECATED_OBJC_IMPLEMENTATIONS = YES;
				CLANG_WARN_DIRECT_OBJC_ISA_USAGE = YES_ERROR;
				CLANG_WARN_DOCUMENTATION_COMMENTS = YES;
				CLANG_WARN_EMPTY_BODY = YES;
				CLANG_WARN_ENUM_CONVERSION = YES;
				CLANG_WARN_INFINITE_RECURSION = YES;
				CLANG_WARN_INT_CONVERSION = YES;
				CLANG_WARN_NON_LITERAL_NULL_CONVERSION = YES;
				CLANG_WARN_OBJC_IMPLICIT_RETAIN_SELF = YES;
				CLANG_WARN_OBJC_LITERAL_CONVERSION = YES;
				CLANG_WARN_OBJC_ROOT_CLASS = YES_ERROR;
				CLANG_WARN_QUOTED_INCLUDE_IN_FRAMEWORK_HEADER = YES;
				CLANG_WARN_RANGE_LOOP_ANALYSIS = YES;
				CLANG_WARN_STRICT_PROTOTYPES = YES;
				CLANG_WARN_SUSPICIOUS_MOVE = YES;
				CLANG_WARN_UNGUARDED_AVAILABILITY = YES_AGGRESSIVE;
				CLANG_WARN_UNREACHABLE_CODE = YES;
				CLANG_WARN__DUPLICATE_METHOD_MATCH = YES;
				COPY_PHASE_STRIP = NO;
				DEBUG_INFORMATION_FORMAT = "dwarf-with-dsym";
				ENABLE_NS_ASSERTIONS = NO;
				ENABLE_STRICT_OBJC_MSGSEND = YES;
				ENABLE_USER_SCRIPT_SANDBOXING = YES;
				GCC_C_LANGUAGE_STANDARD = gnu17;
				GCC_NO_COMMON_BLOCKS = YES;
				GCC_WARN_64_TO_32_BIT_CONVERSION = YES;
				GCC_WARN_ABOUT_RETURN_TYPE = YES_ERROR;
				GCC_WARN_UNDECLARED_SELECTOR = YES;
				GCC_WARN_UNINITIALIZED_AUTOS = YES_AGGRESSIVE;
				GCC_WARN_UNUSED_FUNCTION = YES;
				GCC_WARN_UNUSED_VARIABLE = YES;
				LOCALIZATION_PREFERS_STRING_CATALOGS = YES;
				MACOSX_DEPLOYMENT_TARGET = 14.2;
				MTL_ENABLE_DEBUG_INFO = NO;
				MTL_FAST_MATH = YES;
				SDKROOT = macosx;
				SWIFT_COMPILATION_MODE = wholemodule;
			};
			name = Release;
		};
		9B079DDF2B33114A00C91721 /* Debug */ = {
			isa = XCBuildConfiguration;
			buildSettings = {
				ASSETCATALOG_COMPILER_APPICON_NAME = AppIcon;
				ASSETCATALOG_COMPILER_GLOBAL_ACCENT_COLOR_NAME = AccentColor;
				ASSETCATALOG_COMPILER_INCLUDE_ALL_APPICON_ASSETS = YES;
				CODE_SIGN_ENTITLEMENTS = LaunchPadModifier/LaunchPadModifier.entitlements;
				"CODE_SIGN_IDENTITY[sdk=macosx*]" = "Apple Development";
				CODE_SIGN_STYLE = Automatic;
				COMBINE_HIDPI_IMAGES = YES;
				CURRENT_PROJECT_VERSION = 1;
				DEVELOPMENT_ASSET_PATHS = "\"LaunchPadModifier/Preview Content\"";
				DEVELOPMENT_TEAM = 86UNDKHRCG;
				ENABLE_HARDENED_RUNTIME = YES;
				ENABLE_PREVIEWS = YES;
				GENERATE_INFOPLIST_FILE = YES;
				INFOPLIST_KEY_CFBundleDisplayName = "Launchpad Modifier";
				INFOPLIST_KEY_LSApplicationCategoryType = "public.app-category.utilities";
				INFOPLIST_KEY_NSHumanReadableCopyright = "";
				LD_RUNPATH_SEARCH_PATHS = (
					"$(inherited)",
					"@executable_path/../Frameworks",
				);
				MACOSX_DEPLOYMENT_TARGET = 12.0;
				MARKETING_VERSION = 0.1;
				PRODUCT_BUNDLE_IDENTIFIER = paulliang.LaunchPadModifier;
				PRODUCT_NAME = "$(TARGET_NAME)";
				SWIFT_EMIT_LOC_STRINGS = YES;
				SWIFT_VERSION = 5.0;
			};
			name = Debug;
		};
		9B079DE02B33114A00C91721 /* Release */ = {
			isa = XCBuildConfiguration;
			buildSettings = {
				ASSETCATALOG_COMPILER_APPICON_NAME = AppIcon;
				ASSETCATALOG_COMPILER_GLOBAL_ACCENT_COLOR_NAME = AccentColor;
				ASSETCATALOG_COMPILER_INCLUDE_ALL_APPICON_ASSETS = YES;
				CODE_SIGN_ENTITLEMENTS = LaunchPadModifier/LaunchPadModifier.entitlements;
				"CODE_SIGN_IDENTITY[sdk=macosx*]" = "Apple Development";
				CODE_SIGN_STYLE = Automatic;
				COMBINE_HIDPI_IMAGES = YES;
				CURRENT_PROJECT_VERSION = 1;
				DEVELOPMENT_ASSET_PATHS = "\"LaunchPadModifier/Preview Content\"";
				DEVELOPMENT_TEAM = 86UNDKHRCG;
				ENABLE_HARDENED_RUNTIME = YES;
				ENABLE_PREVIEWS = YES;
				GENERATE_INFOPLIST_FILE = YES;
				INFOPLIST_KEY_CFBundleDisplayName = "Launchpad Modifier";
				INFOPLIST_KEY_LSApplicationCategoryType = "public.app-category.utilities";
				INFOPLIST_KEY_NSHumanReadableCopyright = "";
				LD_RUNPATH_SEARCH_PATHS = (
					"$(inherited)",
					"@executable_path/../Frameworks",
				);
				MACOSX_DEPLOYMENT_TARGET = 12.0;
				MARKETING_VERSION = 0.1;
				PRODUCT_BUNDLE_IDENTIFIER = paulliang.LaunchPadModifier;
				PRODUCT_NAME = "$(TARGET_NAME)";
				SWIFT_EMIT_LOC_STRINGS = YES;
				SWIFT_VERSION = 5.0;
			};
			name = Release;
		};
/* End XCBuildConfiguration section */

/* Begin XCConfigurationList section */
		9B079DC82B33114900C91721 /* Build configuration list for PBXProject "LaunchPadModifier" */ = {
			isa = XCConfigurationList;
			buildConfigurations = (
				9B079DDC2B33114A00C91721 /* Debug */,
				9B079DDD2B33114A00C91721 /* Release */,
			);
			defaultConfigurationIsVisible = 0;
			defaultConfigurationName = Release;
		};
		9B079DDE2B33114A00C91721 /* Build configuration list for PBXNativeTarget "LaunchPadModifier" */ = {
			isa = XCConfigurationList;
			buildConfigurations = (
				9B079DDF2B33114A00C91721 /* Debug */,
				9B079DE02B33114A00C91721 /* Release */,
			);
			defaultConfigurationIsVisible = 0;
			defaultConfigurationName = Release;
		};
/* End XCConfigurationList section */
	};
	rootObject = 9B079DC52B33114900C91721 /* Project object */;
}
